
Microsoft Visual Studio Solution File, Format Version 12.00
# Visual Studio Version 17
VisualStudioVersion = 17.10.34916.146
MinimumVisualStudioVersion = 10.0.40219.1
Project("{FAE04EC0-301F-11D3-BF4B-00C04F79EFBC}") = "ArrayMethods", "ArrayMethods\ArrayMethods.csproj", "{BD7C1975-B92B-42A1-8960-18E6DA41CEB8}"
EndProject
Global
	GlobalSection(SolutionConfigurationPlatforms) = preSolution
		Debug|Any CPU = Debug|Any CPU
		Release|Any CPU = Release|Any CPU
	EndGlobalSection
	GlobalSection(ProjectConfigurationPlatforms) = postSolution
		{BD7C1975-B92B-42A1-8960-18E6DA41CEB8}.Debug|Any CPU.ActiveCfg = Debug|Any CPU
		{BD7C1975-B92B-42A1-8960-18E6DA41CEB8}.Debug|Any CPU.Build.0 = Debug|Any CPU
		{BD7C1975-B92B-42A1-8960-18E6DA41CEB8}.Release|Any CPU.ActiveCfg = Release|Any CPU
		{BD7C1975-B92B-42A1-8960-18E6DA41CEB8}.Release|Any CPU.Build.0 = Release|Any CPU
	EndGlobalSection
	GlobalSection(SolutionProperties) = preSolution
		HideSolutionNode = FALSE
	EndGlobalSection
	GlobalSection(ExtensibilityGlobals) = postSolution
		SolutionGuid = {7252790C-8B22-48D1-9F32-758221FAB333}
	EndGlobalSection
EndGlobal
